
Microsoft Visual Studio Solution File, Format Version 12.00
# Visual Studio Version 16
VisualStudioVersion = 16.0.31112.23
MinimumVisualStudioVersion = 10.0.40219.1
Project("{FAE04EC0-301F-11D3-BF4B-00C04F79EFBC}") = "MusicApp.UI", "MusicApp.UI\MusicApp.UI.csproj", "{B0C11BCB-2697-44AE-B26C-2E59F61994FB}"
EndProject
Project("{FAE04EC0-301F-11D3-BF4B-00C04F79EFBC}") = "MusicApp.Core", "MusicApp.Core\MusicApp.Core.csproj", "{F836E25B-98F9-4C6D-AA8D-05CECB54A651}"
EndProject
Project("{FAE04EC0-301F-11D3-BF4B-00C04F79EFBC}") = "MusicApp.DataAccess", "MusicApp.DataAccess\MusicApp.DataAccess.csproj", "{0EFB9BE9-8EE9-4A26-85FB-607F8325A139}"
EndProject
Project("{FAE04EC0-301F-11D3-BF4B-00C04F79EFBC}") = "MusicApp.Entities", "MusicApp.Entities\MusicApp.Entities.csproj", "{73F131CD-1416-4C66-8A33-9C648C361F9B}"
EndProject
Project("{FAE04EC0-301F-11D3-BF4B-00C04F79EFBC}") = "MusicApp.Business", "MusicApp.Business\MusicApp.Business.csproj", "{6604EB91-ABA2-498A-BAB9-042B0C659C34}"
EndProject
Global
	GlobalSection(SolutionConfigurationPlatforms) = preSolution
		Debug|Any CPU = Debug|Any CPU
		Release|Any CPU = Release|Any CPU
	EndGlobalSection
	GlobalSection(ProjectConfigurationPlatforms) = postSolution
		{B0C11BCB-2697-44AE-B26C-2E59F61994FB}.Debug|Any CPU.ActiveCfg = Debug|Any CPU
		{B0C11BCB-2697-44AE-B26C-2E59F61994FB}.Debug|Any CPU.Build.0 = Debug|Any CPU
		{B0C11BCB-2697-44AE-B26C-2E59F61994FB}.Release|Any CPU.ActiveCfg = Release|Any CPU
		{B0C11BCB-2697-44AE-B26C-2E59F61994FB}.Release|Any CPU.Build.0 = Release|Any CPU
		{F836E25B-98F9-4C6D-AA8D-05CECB54A651}.Debug|Any CPU.ActiveCfg = Debug|Any CPU
		{F836E25B-98F9-4C6D-AA8D-05CECB54A651}.Debug|Any CPU.Build.0 = Debug|Any CPU
		{F836E25B-98F9-4C6D-AA8D-05CECB54A651}.Release|Any CPU.ActiveCfg = Release|Any CPU
		{F836E25B-98F9-4C6D-AA8D-05CECB54A651}.Release|Any CPU.Build.0 = Release|Any CPU
		{0EFB9BE9-8EE9-4A26-85FB-607F8325A139}.Debug|Any CPU.ActiveCfg = Debug|Any CPU
		{0EFB9BE9-8EE9-4A26-85FB-607F8325A139}.Debug|Any CPU.Build.0 = Debug|Any CPU
		{0EFB9BE9-8EE9-4A26-85FB-607F8325A139}.Release|Any CPU.ActiveCfg = Release|Any CPU
		{0EFB9BE9-8EE9-4A26-85FB-607F8325A139}.Release|Any CPU.Build.0 = Release|Any CPU
		{73F131CD-1416-4C66-8A33-9C648C361F9B}.Debug|Any CPU.ActiveCfg = Debug|Any CPU
		{73F131CD-1416-4C66-8A33-9C648C361F9B}.Debug|Any CPU.Build.0 = Debug|Any CPU
		{73F131CD-1416-4C66-8A33-9C648C361F9B}.Release|Any CPU.ActiveCfg = Release|Any CPU
		{73F131CD-1416-4C66-8A33-9C648C361F9B}.Release|Any CPU.Build.0 = Release|Any CPU
		{6604EB91-ABA2-498A-BAB9-042B0C659C34}.Debug|Any CPU.ActiveCfg = Debug|Any CPU
		{6604EB91-ABA2-498A-BAB9-042B0C659C34}.Debug|Any CPU.Build.0 = Debug|Any CPU
		{6604EB91-ABA2-498A-BAB9-042B0C659C34}.Release|Any CPU.ActiveCfg = Release|Any CPU
		{6604EB91-ABA2-498A-BAB9-042B0C659C34}.Release|Any CPU.Build.0 = Release|Any CPU
	EndGlobalSection
	GlobalSection(SolutionProperties) = preSolution
		HideSolutionNode = FALSE
	EndGlobalSection
	GlobalSection(ExtensibilityGlobals) = postSolution
		SolutionGuid = {56ECD263-AB8B-4C33-B29F-0A78C9667E6D}
	EndGlobalSection
EndGlobal
